
Microsoft Visual Studio Solution File, Format Version 12.00
# Visual Studio Version 17
VisualStudioVersion = 17.8.34525.116
MinimumVisualStudioVersion = 10.0.40219.1
Project("{FAE04EC0-301F-11D3-BF4B-00C04F79EFBC}") = "student_api", "student_api\student_api.csproj", "{90BC1774-53EC-431D-90C4-3580BDA14B7E}"
EndProject
Global
	GlobalSection(SolutionConfigurationPlatforms) = preSolution
		Debug|Any CPU = Debug|Any CPU
		Release|Any CPU = Release|Any CPU
	EndGlobalSection
	GlobalSection(ProjectConfigurationPlatforms) = postSolution
		{90BC1774-53EC-431D-90C4-3580BDA14B7E}.Debug|Any CPU.ActiveCfg = Debug|Any CPU
		{90BC1774-53EC-431D-90C4-3580BDA14B7E}.Debug|Any CPU.Build.0 = Debug|Any CPU
		{90BC1774-53EC-431D-90C4-3580BDA14B7E}.Release|Any CPU.ActiveCfg = Release|Any CPU
		{90BC1774-53EC-431D-90C4-3580BDA14B7E}.Release|Any CPU.Build.0 = Release|Any CPU
	EndGlobalSection
	GlobalSection(SolutionProperties) = preSolution
		HideSolutionNode = FALSE
	EndGlobalSection
	GlobalSection(ExtensibilityGlobals) = postSolution
		SolutionGuid = {D72F1D50-D288-4DCF-9200-F8BDBCDAA72C}
	EndGlobalSection
EndGlobal
